
Microsoft Visual Studio Solution File, Format Version 12.00
# Visual Studio Version 16
VisualStudioVersion = 16.0.33423.256
MinimumVisualStudioVersion = 10.0.40219.1
Project("{8BC9CEB8-8B4A-11D0-8D11-00A0C91BC942}") = "3D(cat)", "3D(cat).vcxproj", "{7445EDF0-39AF-488C-B47C-549F0F951D66}"
EndProject
Global
	GlobalSection(SolutionConfigurationPlatforms) = preSolution
		Debug|x64 = Debug|x64
		Debug|x86 = Debug|x86
		Release|x64 = Release|x64
		Release|x86 = Release|x86
	EndGlobalSection
	GlobalSection(ProjectConfigurationPlatforms) = postSolution
		{7445EDF0-39AF-488C-B47C-549F0F951D66}.Debug|x64.ActiveCfg = Debug|x64
		{7445EDF0-39AF-488C-B47C-549F0F951D66}.Debug|x64.Build.0 = Debug|x64
		{7445EDF0-39AF-488C-B47C-549F0F951D66}.Debug|x86.ActiveCfg = Debug|Win32
		{7445EDF0-39AF-488C-B47C-549F0F951D66}.Debug|x86.Build.0 = Debug|Win32
		{7445EDF0-39AF-488C-B47C-549F0F951D66}.Release|x64.ActiveCfg = Release|x64
		{7445EDF0-39AF-488C-B47C-549F0F951D66}.Release|x64.Build.0 = Release|x64
		{7445EDF0-39AF-488C-B47C-549F0F951D66}.Release|x86.ActiveCfg = Release|Win32
		{7445EDF0-39AF-488C-B47C-549F0F951D66}.Release|x86.Build.0 = Release|Win32
	EndGlobalSection
	GlobalSection(SolutionProperties) = preSolution
		HideSolutionNode = FALSE
	EndGlobalSection
	GlobalSection(ExtensibilityGlobals) = postSolution
		SolutionGuid = {AD9BCBD4-C487-4A48-B0FD-536117F310DF}
	EndGlobalSection
EndGlobal
